{
  "version": 4,
  "terraform_version": "0.12.29",
  "serial": 318,
  "lineage": "4f0ed495-2acd-e051-0abf-fd3c6945f781",
  "outputs": {
    "cloudfront_distribution_id": {
      "value": "E2WPJ4SR7P0QSA",
      "type": "string"
    },
    "invoke_url": {
      "value": "https://gfurjt6aze.execute-api.us-east-1.amazonaws.com/prod",
      "type": "string"
    }
  },
  "resources": [
    {
      "mode": "data",
      "type": "aws_route53_zone",
      "name": "ppvmio_zone",
      "provider": "provider.aws",
      "instances": [
        {
          "schema_version": 0,
          "attributes": {
            "caller_reference": "RISWorkflow-RD:17d77bc5-b1fe-443b-8d56-1a2ffeadca3b",
            "comment": "HostedZone created by Route53 Registrar",
            "id": "Z1IZ6CE8QTXO4O",
            "linked_service_description": null,
            "linked_service_principal": null,
            "name": "ppvm.io.",
            "name_servers": [
              "ns-137.awsdns-17.com",
              "ns-736.awsdns-28.net",
              "ns-2023.awsdns-60.co.uk",
              "ns-1195.awsdns-21.org"
            ],
            "private_zone": false,
            "resource_record_set_count": 7,
            "tags": {},
            "vpc_id": null,
            "zone_id": "Z1IZ6CE8QTXO4O"
          }
        }
      ]
    },
    {
      "mode": "data",
      "type": "aws_s3_bucket",
      "name": "thenewnormal_bucket",
      "provider": "provider.aws",
      "instances": [
        {
          "schema_version": 0,
          "attributes": {
            "arn": "arn:aws:s3:::thenewnormal.ppvm.io",
            "bucket": "thenewnormal.ppvm.io",
            "bucket_domain_name": "thenewnormal.ppvm.io.s3.amazonaws.com",
            "bucket_regional_domain_name": "thenewnormal.ppvm.io.s3.amazonaws.com",
            "hosted_zone_id": "Z3AQBSTGFYJSTF",
            "id": "thenewnormal.ppvm.io",
            "region": "us-east-1",
            "website_domain": "s3-website-us-east-1.amazonaws.com",
            "website_endpoint": "thenewnormal.ppvm.io.s3-website-us-east-1.amazonaws.com"
          }
        }
      ]
    },
    {
      "mode": "managed",
      "type": "aws_acm_certificate",
      "name": "cert",
      "provider": "provider.aws",
      "instances": [
        {
          "schema_version": 0,
          "attributes": {
            "arn": "arn:aws:acm:us-east-1:533060488581:certificate/92834951-a45c-49e9-85dd-1158578f0150",
            "certificate_authority_arn": "",
            "certificate_body": null,
            "certificate_chain": null,
            "domain_name": "thenewnormal.ppvm.io",
            "domain_validation_options": [
              {
                "domain_name": "thenewnormal.ppvm.io",
                "resource_record_name": "_6e5c55d16ad08f7c38febb8e5c2cff65.thenewnormal.ppvm.io.",
                "resource_record_type": "CNAME",
                "resource_record_value": "_c02cf3a9c2d12ce7f200ab275c576996.nhqijqilxf.acm-validations.aws."
              }
            ],
            "id": "arn:aws:acm:us-east-1:533060488581:certificate/92834951-a45c-49e9-85dd-1158578f0150",
            "options": [
              {
                "certificate_transparency_logging_preference": "ENABLED"
              }
            ],
            "private_key": null,
            "status": "ISSUED",
            "subject_alternative_names": [],
            "tags": {},
            "validation_emails": [],
            "validation_method": "DNS"
          },
          "private": "bnVsbA=="
        }
      ]
    },
    {
      "mode": "managed",
      "type": "aws_acm_certificate_validation",
      "name": "cert",
      "provider": "provider.aws",
      "instances": [
        {
          "schema_version": 0,
          "attributes": {
            "certificate_arn": "arn:aws:acm:us-east-1:533060488581:certificate/92834951-a45c-49e9-85dd-1158578f0150",
            "id": "2020-04-24 14:52:52 +0000 UTC",
            "timeouts": null,
            "validation_record_fqdns": [
              "_6e5c55d16ad08f7c38febb8e5c2cff65.thenewnormal.ppvm.io"
            ]
          },
          "private": "eyJlMmJmYjczMC1lY2FhLTExZTYtOGY4OC0zNDM2M2JjN2M0YzAiOnsiY3JlYXRlIjoyNzAwMDAwMDAwMDAwfX0=",
          "dependencies": [
            "aws_acm_certificate.cert",
            "aws_route53_record.cert_validation_record"
          ]
        }
      ]
    },
    {
      "mode": "managed",
      "type": "aws_api_gateway_deployment",
      "name": "deployment",
      "provider": "provider.aws",
      "instances": [
        {
          "schema_version": 0,
          "attributes": {
            "created_date": "2020-04-03T19:46:32Z",
            "description": "",
            "execution_arn": "arn:aws:execute-api:us-east-1:533060488581:gfurjt6aze/prod",
            "id": "kx1aju",
            "invoke_url": "https://gfurjt6aze.execute-api.us-east-1.amazonaws.com/prod",
            "rest_api_id": "gfurjt6aze",
            "stage_description": null,
            "stage_name": "prod",
            "triggers": null,
            "variables": null
          },
          "private": "bnVsbA==",
          "dependencies": [
            "aws_api_gateway_integration.integration",
            "aws_api_gateway_rest_api.api"
          ]
        }
      ]
    },
    {
      "mode": "managed",
      "type": "aws_api_gateway_integration",
      "name": "integration",
      "provider": "provider.aws",
      "instances": [
        {
          "schema_version": 0,
          "attributes": {
            "cache_key_parameters": [],
            "cache_namespace": "kcwlf4",
            "connection_id": "",
            "connection_type": "INTERNET",
            "content_handling": "",
            "credentials": "",
            "http_method": "GET",
            "id": "agi-gfurjt6aze-kcwlf4-GET",
            "integration_http_method": "POST",
            "passthrough_behavior": "WHEN_NO_MATCH",
            "request_parameters": {},
            "request_parameters_in_json": null,
            "request_templates": {},
            "resource_id": "kcwlf4",
            "rest_api_id": "gfurjt6aze",
            "timeout_milliseconds": 29000,
            "type": "AWS_PROXY",
            "uri": "arn:aws:apigateway:us-east-1:lambda:path/2015-03-31/functions/arn:aws:lambda:us-east-1:533060488581:function:scrape_lambda/invocations"
          },
          "private": "bnVsbA==",
          "dependencies": [
            "aws_api_gateway_method.method",
            "aws_api_gateway_resource.resource",
            "aws_api_gateway_rest_api.api",
            "aws_iam_role.iam_for_lambda",
            "aws_lambda_function.scrape_lambda"
          ]
        }
      ]
    },
    {
      "mode": "managed",
      "type": "aws_api_gateway_method",
      "name": "method",
      "provider": "provider.aws",
      "instances": [
        {
          "schema_version": 0,
          "attributes": {
            "api_key_required": false,
            "authorization": "NONE",
            "authorization_scopes": [],
            "authorizer_id": "",
            "http_method": "GET",
            "id": "agm-gfurjt6aze-kcwlf4-GET",
            "request_models": {},
            "request_parameters": {},
            "request_parameters_in_json": null,
            "request_validator_id": "",
            "resource_id": "kcwlf4",
            "rest_api_id": "gfurjt6aze"
          },
          "private": "bnVsbA==",
          "dependencies": [
            "aws_api_gateway_resource.resource",
            "aws_api_gateway_rest_api.api"
          ]
        }
      ]
    },
    {
      "mode": "managed",
      "type": "aws_api_gateway_resource",
      "name": "resource",
      "provider": "provider.aws",
      "instances": [
        {
          "schema_version": 0,
          "attributes": {
            "id": "kcwlf4",
            "parent_id": "fe56uxvrg3",
            "path": "/data",
            "path_part": "data",
            "rest_api_id": "gfurjt6aze"
          },
          "private": "bnVsbA==",
          "dependencies": [
            "aws_api_gateway_rest_api.api"
          ]
        }
      ]
    },
    {
      "mode": "managed",
      "type": "aws_api_gateway_rest_api",
      "name": "api",
      "provider": "provider.aws",
      "instances": [
        {
          "schema_version": 0,
          "attributes": {
            "api_key_source": "HEADER",
            "arn": "arn:aws:apigateway:us-east-1::/restapis/gfurjt6aze",
            "binary_media_types": [],
            "body": null,
            "created_date": "2020-04-03T19:41:09Z",
            "description": "",
            "endpoint_configuration": [
              {
                "types": [
                  "EDGE"
                ],
                "vpc_endpoint_ids": []
              }
            ],
            "execution_arn": "arn:aws:execute-api:us-east-1:533060488581:gfurjt6aze",
            "id": "gfurjt6aze",
            "minimum_compression_size": -1,
            "name": "newnormalapi",
            "policy": "",
            "root_resource_id": "fe56uxvrg3",
            "tags": {}
          },
          "private": "bnVsbA=="
        }
      ]
    },
    {
      "mode": "managed",
      "type": "aws_cloudfront_distribution",
      "name": "s3_distribution",
      "provider": "provider.aws",
      "instances": [
        {
          "schema_version": 1,
          "attributes": {
            "active_trusted_signers": {
              "enabled": "false",
              "items.#": "0"
            },
            "aliases": [
              "thenewnormal.ppvm.io"
            ],
            "arn": "arn:aws:cloudfront::533060488581:distribution/E2WPJ4SR7P0QSA",
            "cache_behavior": [],
            "caller_reference": "terraform-20200424132648967400000001",
            "comment": null,
            "custom_error_response": [],
            "default_cache_behavior": [
              {
                "allowed_methods": [
                  "GET",
                  "HEAD"
                ],
                "cached_methods": [
                  "GET",
                  "HEAD"
                ],
                "compress": false,
                "default_ttl": 3600,
                "field_level_encryption_id": "",
                "forwarded_values": [
                  {
                    "cookies": [
                      {
                        "forward": "none",
                        "whitelisted_names": []
                      }
                    ],
                    "headers": [],
                    "query_string": false,
                    "query_string_cache_keys": []
                  }
                ],
                "lambda_function_association": [],
                "max_ttl": 86400,
                "min_ttl": 0,
                "smooth_streaming": false,
                "target_origin_id": "oai",
                "trusted_signers": [],
                "viewer_protocol_policy": "redirect-to-https"
              }
            ],
            "default_root_object": "index.html",
            "domain_name": "d3r3yoli8itqc2.cloudfront.net",
            "enabled": true,
            "etag": "E1KK77KQ2E2HCP",
            "hosted_zone_id": "Z2FDTNDATAQYW2",
            "http_version": "http2",
            "id": "E2WPJ4SR7P0QSA",
            "in_progress_validation_batches": 0,
            "is_ipv6_enabled": false,
            "last_modified_time": "2020-04-24 15:07:31.932 +0000 UTC",
            "logging_config": [],
            "ordered_cache_behavior": [],
            "origin": [
              {
                "custom_header": [],
                "custom_origin_config": [],
                "domain_name": "thenewnormal.ppvm.io.s3.amazonaws.com",
                "origin_id": "oai",
                "origin_path": "",
                "s3_origin_config": []
              }
            ],
            "origin_group": [],
            "price_class": "PriceClass_All",
            "restrictions": [
              {
                "geo_restriction": [
                  {
                    "locations": [],
                    "restriction_type": "none"
                  }
                ]
              }
            ],
            "retain_on_delete": false,
            "status": "Deployed",
            "tags": {},
            "viewer_certificate": [
              {
                "acm_certificate_arn": "arn:aws:acm:us-east-1:533060488581:certificate/92834951-a45c-49e9-85dd-1158578f0150",
                "cloudfront_default_certificate": false,
                "iam_certificate_id": "",
                "minimum_protocol_version": "TLSv1",
                "ssl_support_method": "sni-only"
              }
            ],
            "wait_for_deployment": true,
            "web_acl_id": ""
          },
          "private": "eyJzY2hlbWFfdmVyc2lvbiI6IjEifQ==",
          "dependencies": [
            "aws_acm_certificate.cert",
            "aws_cloudfront_origin_access_identity.access_identity",
            "aws_s3_bucket.website_bucket"
          ]
        }
      ]
    },
    {
      "mode": "managed",
      "type": "aws_cloudfront_origin_access_identity",
      "name": "access_identity",
      "provider": "provider.aws",
      "instances": [
        {
          "schema_version": 0,
          "attributes": {
            "caller_reference": "terraform-20200424131546717200000001",
            "cloudfront_access_identity_path": "origin-access-identity/cloudfront/E1JDPT0D9IGUL1",
            "comment": "oai",
            "etag": "E2GFG4ON13MBUU",
            "iam_arn": "arn:aws:iam::cloudfront:user/CloudFront Origin Access Identity E1JDPT0D9IGUL1",
            "id": "E1JDPT0D9IGUL1",
            "s3_canonical_user_id": "130caeca7c4d9285f4e8face8abf922c83d60cc4506671362c2bff3c054186030a73ac95c46088a77e73559eab3bbeb3"
          },
          "private": "bnVsbA=="
        }
      ]
    },
    {
      "mode": "managed",
      "type": "aws_iam_role",
      "name": "iam_for_lambda",
      "provider": "provider.aws",
      "instances": [
        {
          "schema_version": 0,
          "attributes": {
            "arn": "arn:aws:iam::533060488581:role/iam_for_lambda",
            "assume_role_policy": "{\"Version\":\"2012-10-17\",\"Statement\":[{\"Sid\":\"\",\"Effect\":\"Allow\",\"Principal\":{\"Service\":\"lambda.amazonaws.com\"},\"Action\":\"sts:AssumeRole\"}]}",
            "create_date": "2020-09-05T22:02:54Z",
            "description": "",
            "force_detach_policies": false,
            "id": "iam_for_lambda",
            "max_session_duration": 3600,
            "name": "iam_for_lambda",
            "name_prefix": null,
            "path": "/",
            "permissions_boundary": null,
            "tags": null,
            "unique_id": "AROAXYHHBRWCUZEO7M3RH"
          },
          "private": "bnVsbA=="
        }
      ]
    },
    {
      "mode": "managed",
      "type": "aws_lambda_function",
      "name": "scrape_lambda",
      "provider": "provider.aws",
      "instances": [
        {
          "schema_version": 0,
          "attributes": {
            "arn": "arn:aws:lambda:us-east-1:533060488581:function:scrape_lambda",
            "dead_letter_config": [],
            "description": "",
            "environment": [],
            "file_system_config": [],
            "filename": "lambda/dist/lambda.zip",
            "function_name": "scrape_lambda",
            "handler": "main.handler",
            "id": "scrape_lambda",
            "invoke_arn": "arn:aws:apigateway:us-east-1:lambda:path/2015-03-31/functions/arn:aws:lambda:us-east-1:533060488581:function:scrape_lambda/invocations",
            "kms_key_arn": "",
            "last_modified": "2020-09-05T22:03:08.370+0000",
            "layers": [],
            "memory_size": 128,
            "publish": false,
            "qualified_arn": "arn:aws:lambda:us-east-1:533060488581:function:scrape_lambda:$LATEST",
            "reserved_concurrent_executions": -1,
            "role": "arn:aws:iam::533060488581:role/iam_for_lambda",
            "runtime": "python3.7",
            "s3_bucket": null,
            "s3_key": null,
            "s3_object_version": null,
            "source_code_hash": "LK1ern+6pEs93uSdvs6OZlKdXAHyGLsI0JlP9G8rWG8=",
            "source_code_size": 13843768,
            "tags": {},
            "timeout": 5,
            "timeouts": null,
            "tracing_config": [
              {
                "mode": "PassThrough"
              }
            ],
            "version": "$LATEST",
            "vpc_config": []
          },
          "private": "eyJlMmJmYjczMC1lY2FhLTExZTYtOGY4OC0zNDM2M2JjN2M0YzAiOnsiY3JlYXRlIjo2MDAwMDAwMDAwMDB9fQ==",
          "dependencies": [
            "aws_iam_role.iam_for_lambda"
          ]
        }
      ]
    },
    {
      "mode": "managed",
      "type": "aws_lambda_permission",
      "name": "lambda_permission",
      "provider": "provider.aws",
      "instances": [
        {
          "schema_version": 0,
          "attributes": {
            "action": "lambda:InvokeFunction",
            "event_source_token": null,
            "function_name": "scrape_lambda",
            "id": "AllowMyDemoAPIInvoke",
            "principal": "apigateway.amazonaws.com",
            "qualifier": "",
            "source_account": null,
            "source_arn": "arn:aws:execute-api:us-east-1:533060488581:gfurjt6aze/*/*/*",
            "statement_id": "AllowMyDemoAPIInvoke",
            "statement_id_prefix": null
          },
          "private": "bnVsbA==",
          "dependencies": [
            "aws_api_gateway_rest_api.api",
            "aws_iam_role.iam_for_lambda",
            "aws_lambda_function.scrape_lambda"
          ]
        }
      ]
    },
    {
      "mode": "managed",
      "type": "aws_route53_record",
      "name": "alias_record",
      "provider": "provider.aws",
      "instances": [
        {
          "schema_version": 2,
          "attributes": {
            "alias": [
              {
                "evaluate_target_health": true,
                "name": "d3r3yoli8itqc2.cloudfront.net",
                "zone_id": "Z2FDTNDATAQYW2"
              }
            ],
            "allow_overwrite": null,
            "failover_routing_policy": [],
            "fqdn": "thenewnormal.ppvm.io",
            "geolocation_routing_policy": [],
            "health_check_id": "",
            "id": "Z1IZ6CE8QTXO4O_thenewnormal_A",
            "latency_routing_policy": [],
            "multivalue_answer_routing_policy": null,
            "name": "thenewnormal",
            "records": [],
            "set_identifier": "",
            "ttl": 0,
            "type": "A",
            "weighted_routing_policy": [],
            "zone_id": "Z1IZ6CE8QTXO4O"
          },
          "private": "eyJzY2hlbWFfdmVyc2lvbiI6IjIifQ==",
          "dependencies": [
            "aws_cloudfront_distribution.s3_distribution"
          ]
        }
      ]
    },
    {
      "mode": "managed",
      "type": "aws_route53_record",
      "name": "cert_validation_record",
      "provider": "provider.aws",
      "instances": [
        {
          "schema_version": 2,
          "attributes": {
            "alias": [],
            "allow_overwrite": null,
            "failover_routing_policy": [],
            "fqdn": "_6e5c55d16ad08f7c38febb8e5c2cff65.thenewnormal.ppvm.io",
            "geolocation_routing_policy": [],
            "health_check_id": "",
            "id": "Z1IZ6CE8QTXO4O__6e5c55d16ad08f7c38febb8e5c2cff65.thenewnormal.ppvm.io._CNAME",
            "latency_routing_policy": [],
            "multivalue_answer_routing_policy": null,
            "name": "_6e5c55d16ad08f7c38febb8e5c2cff65.thenewnormal.ppvm.io",
            "records": [
              "_c02cf3a9c2d12ce7f200ab275c576996.nhqijqilxf.acm-validations.aws."
            ],
            "set_identifier": "",
            "ttl": 60,
            "type": "CNAME",
            "weighted_routing_policy": [],
            "zone_id": "Z1IZ6CE8QTXO4O"
          },
          "private": "eyJzY2hlbWFfdmVyc2lvbiI6IjIifQ==",
          "dependencies": [
            "aws_acm_certificate.cert"
          ]
        }
      ]
    },
    {
      "mode": "managed",
      "type": "aws_s3_bucket",
      "name": "website_bucket",
      "provider": "provider.aws",
      "instances": [
        {
          "schema_version": 0,
          "attributes": {
            "acceleration_status": "",
            "acl": "public-read",
            "arn": "arn:aws:s3:::thenewnormal.ppvm.io",
            "bucket": "thenewnormal.ppvm.io",
            "bucket_domain_name": "thenewnormal.ppvm.io.s3.amazonaws.com",
            "bucket_prefix": null,
            "bucket_regional_domain_name": "thenewnormal.ppvm.io.s3.amazonaws.com",
            "cors_rule": [],
            "force_destroy": false,
            "grant": [],
            "hosted_zone_id": "Z3AQBSTGFYJSTF",
            "id": "thenewnormal.ppvm.io",
            "lifecycle_rule": [],
            "logging": [],
            "object_lock_configuration": [],
            "policy": "{\"Statement\":[{\"Action\":\"s3:GetObject\",\"Effect\":\"Allow\",\"Principal\":\"*\",\"Resource\":\"arn:aws:s3:::thenewnormal.ppvm.io/*\",\"Sid\":\"PublicReadGetObject\"}],\"Version\":\"2012-10-17\"}",
            "region": "us-east-1",
            "replication_configuration": [],
            "request_payer": "BucketOwner",
            "server_side_encryption_configuration": [],
            "tags": {},
            "versioning": [
              {
                "enabled": false,
                "mfa_delete": false
              }
            ],
            "website": [
              {
                "error_document": "error.html",
                "index_document": "index.html",
                "redirect_all_requests_to": "",
                "routing_rules": ""
              }
            ],
            "website_domain": "s3-website-us-east-1.amazonaws.com",
            "website_endpoint": "thenewnormal.ppvm.io.s3-website-us-east-1.amazonaws.com"
          },
          "private": "bnVsbA=="
        }
      ]
    },
    {
      "mode": "managed",
      "type": "null_resource",
      "name": "build",
      "provider": "provider.null",
      "instances": [
        {
          "schema_version": 0,
          "attributes": {
            "id": "6460754890597718839",
            "triggers": null
          },
          "dependencies": [
            "aws_s3_bucket.website_bucket"
          ]
        }
      ]
    },
    {
      "mode": "managed",
      "type": "null_resource",
      "name": "deploy",
      "provider": "provider.null",
      "instances": [
        {
          "schema_version": 0,
          "attributes": {
            "id": "2152415063502049884",
            "triggers": null
          },
          "dependencies": [
            "aws_s3_bucket.website_bucket",
            "null_resource.build"
          ]
        }
      ]
    },
    {
      "mode": "managed",
      "type": "null_resource",
      "name": "reset_cache",
      "provider": "provider.null",
      "instances": [
        {
          "schema_version": 0,
          "attributes": {
            "id": "9159843525324758806",
            "triggers": null
          },
          "dependencies": [
            "aws_cloudfront_distribution.s3_distribution",
            "null_resource.deploy"
          ]
        }
      ]
    }
  ]
}
